
Microsoft Visual Studio Solution File, Format Version 12.00
# Visual Studio 15
VisualStudioVersion = 15.0.26124.0
MinimumVisualStudioVersion = 15.0.26124.0
Project("{2150E333-8FDC-42A3-9474-1A3956D46DE8}") = "Code", "Code", "{C6B3C3D4-FC4D-4985-833D-1235B5B141BE}"
EndProject
Project("{FAE04EC0-301F-11D3-BF4B-00C04F79EFBC}") = "dotnetMra.Api", "Code\dotnetMra.Api\dotnetMra.Api.csproj", "{2A848933-5630-46C8-8803-A069FF5086DC}"
EndProject
Project("{FAE04EC0-301F-11D3-BF4B-00C04F79EFBC}") = "dotnetMra.Business", "Code\dotnetMra.Business\dotnetMra.Business.csproj", "{081BAEA5-7DC2-4E6F-B931-826D67B93DD0}"
EndProject
Project("{FAE04EC0-301F-11D3-BF4B-00C04F79EFBC}") = "dotnetMra.Data", "Code\dotnetMra.Data\dotnetMra.Data.csproj", "{AAE6C61E-FF2C-46C2-9EDA-F1471C442E25}"
EndProject
Project("{FAE04EC0-301F-11D3-BF4B-00C04F79EFBC}") = "dotnetMra.Entities", "Code\dotnetMra.Entities\dotnetMra.Entities.csproj", "{E17FCD10-0353-4E7A-9AAB-708C082231FC}"
EndProject
Project("{FAE04EC0-301F-11D3-BF4B-00C04F79EFBC}") = "dotnetMra.Test.Api", "Code\dotnetMra.Test.Api\dotnetMra.Test.Api.csproj", "{42F90E8A-F7EC-43FE-9E44-2F453FD28C44}"
EndProject
Project("{FAE04EC0-301F-11D3-BF4B-00C04F79EFBC}") = "dotnetMra.Test.Business", "Code\dotnetMra.Test.Business\dotnetMra.Test.Business.csproj", "{AE17BBD0-FDAB-430A-BEB6-73F07A21EAAD}"
EndProject
Project("{FAE04EC0-301F-11D3-BF4B-00C04F79EFBC}") = "dotnetMra.Test.Framework", "Code\dotnetMra.Test.Framework\dotnetMra.Test.Framework.csproj", "{DD387B14-BB74-493D-AB44-55A1E33D54B6}"
EndProject
Project("{2150E333-8FDC-42A3-9474-1A3956D46DE8}") = "Test", "Test", "{B5126B98-CA84-4757-B9D3-D3EB8C07E5CB}"
EndProject
Global
	GlobalSection(SolutionConfigurationPlatforms) = preSolution
		Debug|Any CPU = Debug|Any CPU
		Debug|x64 = Debug|x64
		Debug|x86 = Debug|x86
		Release|Any CPU = Release|Any CPU
		Release|x64 = Release|x64
		Release|x86 = Release|x86
	EndGlobalSection
	GlobalSection(SolutionProperties) = preSolution
		HideSolutionNode = FALSE
	EndGlobalSection
	GlobalSection(ProjectConfigurationPlatforms) = postSolution
		{2A848933-5630-46C8-8803-A069FF5086DC}.Debug|Any CPU.ActiveCfg = Debug|Any CPU
		{2A848933-5630-46C8-8803-A069FF5086DC}.Debug|Any CPU.Build.0 = Debug|Any CPU
		{2A848933-5630-46C8-8803-A069FF5086DC}.Debug|x64.ActiveCfg = Debug|Any CPU
		{2A848933-5630-46C8-8803-A069FF5086DC}.Debug|x64.Build.0 = Debug|Any CPU
		{2A848933-5630-46C8-8803-A069FF5086DC}.Debug|x86.ActiveCfg = Debug|Any CPU
		{2A848933-5630-46C8-8803-A069FF5086DC}.Debug|x86.Build.0 = Debug|Any CPU
		{2A848933-5630-46C8-8803-A069FF5086DC}.Release|Any CPU.ActiveCfg = Release|Any CPU
		{2A848933-5630-46C8-8803-A069FF5086DC}.Release|Any CPU.Build.0 = Release|Any CPU
		{2A848933-5630-46C8-8803-A069FF5086DC}.Release|x64.ActiveCfg = Release|Any CPU
		{2A848933-5630-46C8-8803-A069FF5086DC}.Release|x64.Build.0 = Release|Any CPU
		{2A848933-5630-46C8-8803-A069FF5086DC}.Release|x86.ActiveCfg = Release|Any CPU
		{2A848933-5630-46C8-8803-A069FF5086DC}.Release|x86.Build.0 = Release|Any CPU
		{081BAEA5-7DC2-4E6F-B931-826D67B93DD0}.Debug|Any CPU.ActiveCfg = Debug|Any CPU
		{081BAEA5-7DC2-4E6F-B931-826D67B93DD0}.Debug|Any CPU.Build.0 = Debug|Any CPU
		{081BAEA5-7DC2-4E6F-B931-826D67B93DD0}.Debug|x64.ActiveCfg = Debug|Any CPU
		{081BAEA5-7DC2-4E6F-B931-826D67B93DD0}.Debug|x64.Build.0 = Debug|Any CPU
		{081BAEA5-7DC2-4E6F-B931-826D67B93DD0}.Debug|x86.ActiveCfg = Debug|Any CPU
		{081BAEA5-7DC2-4E6F-B931-826D67B93DD0}.Debug|x86.Build.0 = Debug|Any CPU
		{081BAEA5-7DC2-4E6F-B931-826D67B93DD0}.Release|Any CPU.ActiveCfg = Release|Any CPU
		{081BAEA5-7DC2-4E6F-B931-826D67B93DD0}.Release|Any CPU.Build.0 = Release|Any CPU
		{081BAEA5-7DC2-4E6F-B931-826D67B93DD0}.Release|x64.ActiveCfg = Release|Any CPU
		{081BAEA5-7DC2-4E6F-B931-826D67B93DD0}.Release|x64.Build.0 = Release|Any CPU
		{081BAEA5-7DC2-4E6F-B931-826D67B93DD0}.Release|x86.ActiveCfg = Release|Any CPU
		{081BAEA5-7DC2-4E6F-B931-826D67B93DD0}.Release|x86.Build.0 = Release|Any CPU
		{AAE6C61E-FF2C-46C2-9EDA-F1471C442E25}.Debug|Any CPU.ActiveCfg = Debug|Any CPU
		{AAE6C61E-FF2C-46C2-9EDA-F1471C442E25}.Debug|Any CPU.Build.0 = Debug|Any CPU
		{AAE6C61E-FF2C-46C2-9EDA-F1471C442E25}.Debug|x64.ActiveCfg = Debug|Any CPU
		{AAE6C61E-FF2C-46C2-9EDA-F1471C442E25}.Debug|x64.Build.0 = Debug|Any CPU
		{AAE6C61E-FF2C-46C2-9EDA-F1471C442E25}.Debug|x86.ActiveCfg = Debug|Any CPU
		{AAE6C61E-FF2C-46C2-9EDA-F1471C442E25}.Debug|x86.Build.0 = Debug|Any CPU
		{AAE6C61E-FF2C-46C2-9EDA-F1471C442E25}.Release|Any CPU.ActiveCfg = Release|Any CPU
		{AAE6C61E-FF2C-46C2-9EDA-F1471C442E25}.Release|Any CPU.Build.0 = Release|Any CPU
		{AAE6C61E-FF2C-46C2-9EDA-F1471C442E25}.Release|x64.ActiveCfg = Release|Any CPU
		{AAE6C61E-FF2C-46C2-9EDA-F1471C442E25}.Release|x64.Build.0 = Release|Any CPU
		{AAE6C61E-FF2C-46C2-9EDA-F1471C442E25}.Release|x86.ActiveCfg = Release|Any CPU
		{AAE6C61E-FF2C-46C2-9EDA-F1471C442E25}.Release|x86.Build.0 = Release|Any CPU
		{E17FCD10-0353-4E7A-9AAB-708C082231FC}.Debug|Any CPU.ActiveCfg = Debug|Any CPU
		{E17FCD10-0353-4E7A-9AAB-708C082231FC}.Debug|Any CPU.Build.0 = Debug|Any CPU
		{E17FCD10-0353-4E7A-9AAB-708C082231FC}.Debug|x64.ActiveCfg = Debug|Any CPU
		{E17FCD10-0353-4E7A-9AAB-708C082231FC}.Debug|x64.Build.0 = Debug|Any CPU
		{E17FCD10-0353-4E7A-9AAB-708C082231FC}.Debug|x86.ActiveCfg = Debug|Any CPU
		{E17FCD10-0353-4E7A-9AAB-708C082231FC}.Debug|x86.Build.0 = Debug|Any CPU
		{E17FCD10-0353-4E7A-9AAB-708C082231FC}.Release|Any CPU.ActiveCfg = Release|Any CPU
		{E17FCD10-0353-4E7A-9AAB-708C082231FC}.Release|Any CPU.Build.0 = Release|Any CPU
		{E17FCD10-0353-4E7A-9AAB-708C082231FC}.Release|x64.ActiveCfg = Release|Any CPU
		{E17FCD10-0353-4E7A-9AAB-708C082231FC}.Release|x64.Build.0 = Release|Any CPU
		{E17FCD10-0353-4E7A-9AAB-708C082231FC}.Release|x86.ActiveCfg = Release|Any CPU
		{E17FCD10-0353-4E7A-9AAB-708C082231FC}.Release|x86.Build.0 = Release|Any CPU
		{42F90E8A-F7EC-43FE-9E44-2F453FD28C44}.Debug|Any CPU.ActiveCfg = Debug|Any CPU
		{42F90E8A-F7EC-43FE-9E44-2F453FD28C44}.Debug|Any CPU.Build.0 = Debug|Any CPU
		{42F90E8A-F7EC-43FE-9E44-2F453FD28C44}.Debug|x64.ActiveCfg = Debug|Any CPU
		{42F90E8A-F7EC-43FE-9E44-2F453FD28C44}.Debug|x64.Build.0 = Debug|Any CPU
		{42F90E8A-F7EC-43FE-9E44-2F453FD28C44}.Debug|x86.ActiveCfg = Debug|Any CPU
		{42F90E8A-F7EC-43FE-9E44-2F453FD28C44}.Debug|x86.Build.0 = Debug|Any CPU
		{42F90E8A-F7EC-43FE-9E44-2F453FD28C44}.Release|Any CPU.ActiveCfg = Release|Any CPU
		{42F90E8A-F7EC-43FE-9E44-2F453FD28C44}.Release|Any CPU.Build.0 = Release|Any CPU
		{42F90E8A-F7EC-43FE-9E44-2F453FD28C44}.Release|x64.ActiveCfg = Release|Any CPU
		{42F90E8A-F7EC-43FE-9E44-2F453FD28C44}.Release|x64.Build.0 = Release|Any CPU
		{42F90E8A-F7EC-43FE-9E44-2F453FD28C44}.Release|x86.ActiveCfg = Release|Any CPU
		{42F90E8A-F7EC-43FE-9E44-2F453FD28C44}.Release|x86.Build.0 = Release|Any CPU
		{AE17BBD0-FDAB-430A-BEB6-73F07A21EAAD}.Debug|Any CPU.ActiveCfg = Debug|Any CPU
		{AE17BBD0-FDAB-430A-BEB6-73F07A21EAAD}.Debug|Any CPU.Build.0 = Debug|Any CPU
		{AE17BBD0-FDAB-430A-BEB6-73F07A21EAAD}.Debug|x64.ActiveCfg = Debug|Any CPU
		{AE17BBD0-FDAB-430A-BEB6-73F07A21EAAD}.Debug|x64.Build.0 = Debug|Any CPU
		{AE17BBD0-FDAB-430A-BEB6-73F07A21EAAD}.Debug|x86.ActiveCfg = Debug|Any CPU
		{AE17BBD0-FDAB-430A-BEB6-73F07A21EAAD}.Debug|x86.Build.0 = Debug|Any CPU
		{AE17BBD0-FDAB-430A-BEB6-73F07A21EAAD}.Release|Any CPU.ActiveCfg = Release|Any CPU
		{AE17BBD0-FDAB-430A-BEB6-73F07A21EAAD}.Release|Any CPU.Build.0 = Release|Any CPU
		{AE17BBD0-FDAB-430A-BEB6-73F07A21EAAD}.Release|x64.ActiveCfg = Release|Any CPU
		{AE17BBD0-FDAB-430A-BEB6-73F07A21EAAD}.Release|x64.Build.0 = Release|Any CPU
		{AE17BBD0-FDAB-430A-BEB6-73F07A21EAAD}.Release|x86.ActiveCfg = Release|Any CPU
		{AE17BBD0-FDAB-430A-BEB6-73F07A21EAAD}.Release|x86.Build.0 = Release|Any CPU
		{DD387B14-BB74-493D-AB44-55A1E33D54B6}.Debug|Any CPU.ActiveCfg = Debug|Any CPU
		{DD387B14-BB74-493D-AB44-55A1E33D54B6}.Debug|Any CPU.Build.0 = Debug|Any CPU
		{DD387B14-BB74-493D-AB44-55A1E33D54B6}.Debug|x64.ActiveCfg = Debug|Any CPU
		{DD387B14-BB74-493D-AB44-55A1E33D54B6}.Debug|x64.Build.0 = Debug|Any CPU
		{DD387B14-BB74-493D-AB44-55A1E33D54B6}.Debug|x86.ActiveCfg = Debug|Any CPU
		{DD387B14-BB74-493D-AB44-55A1E33D54B6}.Debug|x86.Build.0 = Debug|Any CPU
		{DD387B14-BB74-493D-AB44-55A1E33D54B6}.Release|Any CPU.ActiveCfg = Release|Any CPU
		{DD387B14-BB74-493D-AB44-55A1E33D54B6}.Release|Any CPU.Build.0 = Release|Any CPU
		{DD387B14-BB74-493D-AB44-55A1E33D54B6}.Release|x64.ActiveCfg = Release|Any CPU
		{DD387B14-BB74-493D-AB44-55A1E33D54B6}.Release|x64.Build.0 = Release|Any CPU
		{DD387B14-BB74-493D-AB44-55A1E33D54B6}.Release|x86.ActiveCfg = Release|Any CPU
		{DD387B14-BB74-493D-AB44-55A1E33D54B6}.Release|x86.Build.0 = Release|Any CPU
	EndGlobalSection
	GlobalSection(NestedProjects) = preSolution
		{2A848933-5630-46C8-8803-A069FF5086DC} = {C6B3C3D4-FC4D-4985-833D-1235B5B141BE}
		{081BAEA5-7DC2-4E6F-B931-826D67B93DD0} = {C6B3C3D4-FC4D-4985-833D-1235B5B141BE}
		{AAE6C61E-FF2C-46C2-9EDA-F1471C442E25} = {C6B3C3D4-FC4D-4985-833D-1235B5B141BE}
		{E17FCD10-0353-4E7A-9AAB-708C082231FC} = {C6B3C3D4-FC4D-4985-833D-1235B5B141BE}
		{42F90E8A-F7EC-43FE-9E44-2F453FD28C44} = {B5126B98-CA84-4757-B9D3-D3EB8C07E5CB}
		{AE17BBD0-FDAB-430A-BEB6-73F07A21EAAD} = {B5126B98-CA84-4757-B9D3-D3EB8C07E5CB}
		{DD387B14-BB74-493D-AB44-55A1E33D54B6} = {B5126B98-CA84-4757-B9D3-D3EB8C07E5CB}
	EndGlobalSection
EndGlobal
